// !$*UTF8*$!
{
	archiveVersion = 1;
	classes = {
	};
	objectVersion = 55;
	objects = {

/* Begin PBXBuildFile section */
		63A7A64F2921A3EB004CECB7 /* AppDelegate.swift in Sources */ = {isa = PBXBuildFile; fileRef = 63A7A64E2921A3EB004CECB7 /* AppDelegate.swift */; };
		63A7A6512921A3EB004CECB7 /* SceneDelegate.swift in Sources */ = {isa = PBXBuildFile; fileRef = 63A7A6502921A3EB004CECB7 /* SceneDelegate.swift */; };
		63A7A6532921A3EB004CECB7 /* ViewController.swift in Sources */ = {isa = PBXBuildFile; fileRef = 63A7A6522921A3EB004CECB7 /* ViewController.swift */; };
		63A7A6562921A3EB004CECB7 /* Main.storyboard in Resources */ = {isa = PBXBuildFile; fileRef = 63A7A6542921A3EB004CECB7 /* Main.storyboard */; };
		63A7A6582921A3EB004CECB7 /* Assets.xcassets in Resources */ = {isa = PBXBuildFile; fileRef = 63A7A6572921A3EB004CECB7 /* Assets.xcassets */; };
		63A7A65B2921A3EB004CECB7 /* LaunchScreen.storyboard in Resources */ = {isa = PBXBuildFile; fileRef = 63A7A6592921A3EB004CECB7 /* LaunchScreen.storyboard */; };
		63A7A66C2922DB69004CECB7 /* DetailedRecipeViewController.swift in Sources */ = {isa = PBXBuildFile; fileRef = 63A7A66A2922DB69004CECB7 /* DetailedRecipeViewController.swift */; };
		63A7A66D2922DB69004CECB7 /* DetailedRecipeViewController.xib in Resources */ = {isa = PBXBuildFile; fileRef = 63A7A66B2922DB69004CECB7 /* DetailedRecipeViewController.xib */; };
		A8BC1993293C7D5300053912 /* LoginViewController.swift in Sources */ = {isa = PBXBuildFile; fileRef = A8BC1992293C7D5300053912 /* LoginViewController.swift */; };
		A8BC1995293C7F3100053912 /* SignupViewController.swift in Sources */ = {isa = PBXBuildFile; fileRef = A8BC1994293C7F3100053912 /* SignupViewController.swift */; };
		A8BC1997293C83D900053912 /* GoogleService-Info.plist in Resources */ = {isa = PBXBuildFile; fileRef = A8BC1996293C83D900053912 /* GoogleService-Info.plist */; };
		DC051456293D9D0500408F37 /* FavoriteViewController.swift in Sources */ = {isa = PBXBuildFile; fileRef = DC051455293D9D0500408F37 /* FavoriteViewController.swift */; };
		DCABC619293DAD0600C5EF85 /* FirebaseAuth in Frameworks */ = {isa = PBXBuildFile; productRef = DCABC618293DAD0600C5EF85 /* FirebaseAuth */; };
		DCABC61B293DAD0600C5EF85 /* FirebaseDatabase in Frameworks */ = {isa = PBXBuildFile; productRef = DCABC61A293DAD0600C5EF85 /* FirebaseDatabase */; };
/* End PBXBuildFile section */

/* Begin PBXFileReference section */
		63A7A64B2921A3EB004CECB7 /* Final project.app */ = {isa = PBXFileReference; explicitFileType = wrapper.application; includeInIndex = 0; path = "Final project.app"; sourceTree = BUILT_PRODUCTS_DIR; };
		63A7A64E2921A3EB004CECB7 /* AppDelegate.swift */ = {isa = PBXFileReference; lastKnownFileType = sourcecode.swift; path = AppDelegate.swift; sourceTree = "<group>"; };
		63A7A6502921A3EB004CECB7 /* SceneDelegate.swift */ = {isa = PBXFileReference; lastKnownFileType = sourcecode.swift; path = SceneDelegate.swift; sourceTree = "<group>"; };
		63A7A6522921A3EB004CECB7 /* ViewController.swift */ = {isa = PBXFileReference; lastKnownFileType = sourcecode.swift; path = ViewController.swift; sourceTree = "<group>"; };
		63A7A6552921A3EB004CECB7 /* Base */ = {isa = PBXFileReference; lastKnownFileType = file.storyboard; name = Base; path = Base.lproj/Main.storyboard; sourceTree = "<group>"; };
		63A7A6572921A3EB004CECB7 /* Assets.xcassets */ = {isa = PBXFileReference; lastKnownFileType = folder.assetcatalog; path = Assets.xcassets; sourceTree = "<group>"; };
		63A7A65A2921A3EB004CECB7 /* Base */ = {isa = PBXFileReference; lastKnownFileType = file.storyboard; name = Base; path = Base.lproj/LaunchScreen.storyboard; sourceTree = "<group>"; };
		63A7A65C2921A3EB004CECB7 /* Info.plist */ = {isa = PBXFileReference; lastKnownFileType = text.plist.xml; path = Info.plist; sourceTree = "<group>"; };
		63A7A66A2922DB69004CECB7 /* DetailedRecipeViewController.swift */ = {isa = PBXFileReference; lastKnownFileType = sourcecode.swift; path = DetailedRecipeViewController.swift; sourceTree = "<group>"; };
		63A7A66B2922DB69004CECB7 /* DetailedRecipeViewController.xib */ = {isa = PBXFileReference; lastKnownFileType = file.xib; path = DetailedRecipeViewController.xib; sourceTree = "<group>"; };
		A8BC1992293C7D5300053912 /* LoginViewController.swift */ = {isa = PBXFileReference; lastKnownFileType = sourcecode.swift; path = LoginViewController.swift; sourceTree = "<group>"; };
		A8BC1994293C7F3100053912 /* SignupViewController.swift */ = {isa = PBXFileReference; lastKnownFileType = sourcecode.swift; path = SignupViewController.swift; sourceTree = "<group>"; };
		A8BC1996293C83D900053912 /* GoogleService-Info.plist */ = {isa = PBXFileReference; fileEncoding = 4; lastKnownFileType = text.plist.xml; path = "GoogleService-Info.plist"; sourceTree = "<group>"; };
		DC051455293D9D0500408F37 /* FavoriteViewController.swift */ = {isa = PBXFileReference; lastKnownFileType = sourcecode.swift; path = FavoriteViewController.swift; sourceTree = "<group>"; };
/* End PBXFileReference section */

/* Begin PBXFrameworksBuildPhase section */
		63A7A6482921A3EB004CECB7 /* Frameworks */ = {
			isa = PBXFrameworksBuildPhase;
			buildActionMask = 2147483647;
			files = (
				DCABC61B293DAD0600C5EF85 /* FirebaseDatabase in Frameworks */,
				DCABC619293DAD0600C5EF85 /* FirebaseAuth in Frameworks */,
			);
			runOnlyForDeploymentPostprocessing = 0;
		};
/* End PBXFrameworksBuildPhase section */

/* Begin PBXGroup section */
		63A7A6422921A3EB004CECB7 = {
			isa = PBXGroup;
			children = (
				63A7A64D2921A3EB004CECB7 /* Final project */,
				63A7A64C2921A3EB004CECB7 /* Products */,
			);
			sourceTree = "<group>";
		};
		63A7A64C2921A3EB004CECB7 /* Products */ = {
			isa = PBXGroup;
			children = (
				63A7A64B2921A3EB004CECB7 /* Final project.app */,
			);
			name = Products;
			sourceTree = "<group>";
		};
		63A7A64D2921A3EB004CECB7 /* Final project */ = {
			isa = PBXGroup;
			children = (
				63A7A64E2921A3EB004CECB7 /* AppDelegate.swift */,
				63A7A6502921A3EB004CECB7 /* SceneDelegate.swift */,
				63A7A6522921A3EB004CECB7 /* ViewController.swift */,
				63A7A6542921A3EB004CECB7 /* Main.storyboard */,
				DC051455293D9D0500408F37 /* FavoriteViewController.swift */,
				A8BC1994293C7F3100053912 /* SignupViewController.swift */,
				A8BC1992293C7D5300053912 /* LoginViewController.swift */,
				63A7A6572921A3EB004CECB7 /* Assets.xcassets */,
				63A7A6592921A3EB004CECB7 /* LaunchScreen.storyboard */,
				63A7A65C2921A3EB004CECB7 /* Info.plist */,
				63A7A66A2922DB69004CECB7 /* DetailedRecipeViewController.swift */,
				63A7A66B2922DB69004CECB7 /* DetailedRecipeViewController.xib */,
				A8BC1996293C83D900053912 /* GoogleService-Info.plist */,
			);
			path = "Final project";
			sourceTree = "<group>";
		};
/* End PBXGroup section */

/* Begin PBXNativeTarget section */
		63A7A64A2921A3EB004CECB7 /* Final project */ = {
			isa = PBXNativeTarget;
			buildConfigurationList = 63A7A65F2921A3EB004CECB7 /* Build configuration list for PBXNativeTarget "Final project" */;
			buildPhases = (
				63A7A6472921A3EB004CECB7 /* Sources */,
				63A7A6482921A3EB004CECB7 /* Frameworks */,
				63A7A6492921A3EB004CECB7 /* Resources */,
			);
			buildRules = (
			);
			dependencies = (
			);
			name = "Final project";
			packageProductDependencies = (
				DCABC618293DAD0600C5EF85 /* FirebaseAuth */,
				DCABC61A293DAD0600C5EF85 /* FirebaseDatabase */,
			);
			productName = "Final project";
			productReference = 63A7A64B2921A3EB004CECB7 /* Final project.app */;
			productType = "com.apple.product-type.application";
		};
/* End PBXNativeTarget section */

/* Begin PBXProject section */
		63A7A6432921A3EB004CECB7 /* Project object */ = {
			isa = PBXProject;
			attributes = {
				BuildIndependentTargetsInParallel = 1;
				LastSwiftUpdateCheck = 1410;
				LastUpgradeCheck = 1410;
				TargetAttributes = {
					63A7A64A2921A3EB004CECB7 = {
						CreatedOnToolsVersion = 14.1;
					};
				};
			};
			buildConfigurationList = 63A7A6462921A3EB004CECB7 /* Build configuration list for PBXProject "Final project" */;
			compatibilityVersion = "Xcode 13.0";
			developmentRegion = en;
			hasScannedForEncodings = 0;
			knownRegions = (
				en,
				Base,
			);
			mainGroup = 63A7A6422921A3EB004CECB7;
			packageReferences = (
				DCABC617293DAD0600C5EF85 /* XCRemoteSwiftPackageReference "firebase-ios-sdk" */,
			);
			productRefGroup = 63A7A64C2921A3EB004CECB7 /* Products */;
			projectDirPath = "";
			projectRoot = "";
			targets = (
				63A7A64A2921A3EB004CECB7 /* Final project */,
			);
		};
/* End PBXProject section */

/* Begin PBXResourcesBuildPhase section */
		63A7A6492921A3EB004CECB7 /* Resources */ = {
			isa = PBXResourcesBuildPhase;
			buildActionMask = 2147483647;
			files = (
				63A7A66D2922DB69004CECB7 /* DetailedRecipeViewController.xib in Resources */,
				63A7A65B2921A3EB004CECB7 /* LaunchScreen.storyboard in Resources */,
				A8BC1997293C83D900053912 /* GoogleService-Info.plist in Resources */,
				63A7A6582921A3EB004CECB7 /* Assets.xcassets in Resources */,
				63A7A6562921A3EB004CECB7 /* Main.storyboard in Resources */,
			);
			runOnlyForDeploymentPostprocessing = 0;
		};
/* End PBXResourcesBuildPhase section */

/* Begin PBXSourcesBuildPhase section */
		63A7A6472921A3EB004CECB7 /* Sources */ = {
			isa = PBXSourcesBuildPhase;
			buildActionMask = 2147483647;
			files = (
				A8BC1995293C7F3100053912 /* SignupViewController.swift in Sources */,
				63A7A66C2922DB69004CECB7 /* DetailedRecipeViewController.swift in Sources */,
				63A7A6532921A3EB004CECB7 /* ViewController.swift in Sources */,
				DC051456293D9D0500408F37 /* FavoriteViewController.swift in Sources */,
				63A7A64F2921A3EB004CECB7 /* AppDelegate.swift in Sources */,
				A8BC1993293C7D5300053912 /* LoginViewController.swift in Sources */,
				63A7A6512921A3EB004CECB7 /* SceneDelegate.swift in Sources */,
			);
			runOnlyForDeploymentPostprocessing = 0;
		};
/* End PBXSourcesBuildPhase section */

/* Begin PBXVariantGroup section */
		63A7A6542921A3EB004CECB7 /* Main.storyboard */ = {
			isa = PBXVariantGroup;
			children = (
				63A7A6552921A3EB004CECB7 /* Base */,
			);
			name = Main.storyboard;
			sourceTree = "<group>";
		};
		63A7A6592921A3EB004CECB7 /* LaunchScreen.storyboard */ = {
			isa = PBXVariantGroup;
			children = (
				63A7A65A2921A3EB004CECB7 /* Base */,
			);
			name = LaunchScreen.storyboard;
			sourceTree = "<group>";
		};
/* End PBXVariantGroup section */

/* Begin XCBuildConfiguration section */
		63A7A65D2921A3EB004CECB7 /* Debug */ = {
			isa = XCBuildConfiguration;
			buildSettings = {
				ALWAYS_SEARCH_USER_PATHS = NO;
				CLANG_ANALYZER_NONNULL = YES;
				CLANG_ANALYZER_NUMBER_OBJECT_CONVERSION = YES_AGGRESSIVE;
				CLANG_CXX_LANGUAGE_STANDARD = "gnu++20";
				CLANG_ENABLE_MODULES = YES;
				CLANG_ENABLE_OBJC_ARC = YES;
				CLANG_ENABLE_OBJC_WEAK = YES;
				CLANG_WARN_BLOCK_CAPTURE_AUTORELEASING = YES;
				CLANG_WARN_BOOL_CONVERSION = YES;
				CLANG_WARN_COMMA = YES;
				CLANG_WARN_CONSTANT_CONVERSION = YES;
				CLANG_WARN_DEPRECATED_OBJC_IMPLEMENTATIONS = YES;
				CLANG_WARN_DIRECT_OBJC_ISA_USAGE = YES_ERROR;
				CLANG_WARN_DOCUMENTATION_COMMENTS = YES;
				CLANG_WARN_EMPTY_BODY = YES;
				CLANG_WARN_ENUM_CONVERSION = YES;
				CLANG_WARN_INFINITE_RECURSION = YES;
				CLANG_WARN_INT_CONVERSION = YES;
				CLANG_WARN_NON_LITERAL_NULL_CONVERSION = YES;
				CLANG_WARN_OBJC_IMPLICIT_RETAIN_SELF = YES;
				CLANG_WARN_OBJC_LITERAL_CONVERSION = YES;
				CLANG_WARN_OBJC_ROOT_CLASS = YES_ERROR;
				CLANG_WARN_QUOTED_INCLUDE_IN_FRAMEWORK_HEADER = YES;
				CLANG_WARN_RANGE_LOOP_ANALYSIS = YES;
				CLANG_WARN_STRICT_PROTOTYPES = YES;
				CLANG_WARN_SUSPICIOUS_MOVE = YES;
				CLANG_WARN_UNGUARDED_AVAILABILITY = YES_AGGRESSIVE;
				CLANG_WARN_UNREACHABLE_CODE = YES;
				CLANG_WARN__DUPLICATE_METHOD_MATCH = YES;
				COPY_PHASE_STRIP = NO;
				DEBUG_INFORMATION_FORMAT = dwarf;
				ENABLE_STRICT_OBJC_MSGSEND = YES;
				ENABLE_TESTABILITY = YES;
				GCC_C_LANGUAGE_STANDARD = gnu11;
				GCC_DYNAMIC_NO_PIC = NO;
				GCC_NO_COMMON_BLOCKS = YES;
				GCC_OPTIMIZATION_LEVEL = 0;
				GCC_PREPROCESSOR_DEFINITIONS = (
					"DEBUG=1",
					"$(inherited)",
				);
				GCC_WARN_64_TO_32_BIT_CONVERSION = YES;
				GCC_WARN_ABOUT_RETURN_TYPE = YES_ERROR;
				GCC_WARN_UNDECLARED_SELECTOR = YES;
				GCC_WARN_UNINITIALIZED_AUTOS = YES_AGGRESSIVE;
				GCC_WARN_UNUSED_FUNCTION = YES;
				GCC_WARN_UNUSED_VARIABLE = YES;
				IPHONEOS_DEPLOYMENT_TARGET = 15.5;
				MTL_ENABLE_DEBUG_INFO = INCLUDE_SOURCE;
				MTL_FAST_MATH = YES;
				ONLY_ACTIVE_ARCH = YES;
				SDKROOT = iphoneos;
				SWIFT_ACTIVE_COMPILATION_CONDITIONS = DEBUG;
				SWIFT_OPTIMIZATION_LEVEL = "-Onone";
			};
			name = Debug;
		};
		63A7A65E2921A3EB004CECB7 /* Release */ = {
			isa = XCBuildConfiguration;
			buildSettings = {
				ALWAYS_SEARCH_USER_PATHS = NO;
				CLANG_ANALYZER_NONNULL = YES;
				CLANG_ANALYZER_NUMBER_OBJECT_CONVERSION = YES_AGGRESSIVE;
				CLANG_CXX_LANGUAGE_STANDARD = "gnu++20";
				CLANG_ENABLE_MODULES = YES;
				CLANG_ENABLE_OBJC_ARC = YES;
				CLANG_ENABLE_OBJC_WEAK = YES;
				CLANG_WARN_BLOCK_CAPTURE_AUTORELEASING = YES;
				CLANG_WARN_BOOL_CONVERSION = YES;
				CLANG_WARN_COMMA = YES;
				CLANG_WARN_CONSTANT_CONVERSION = YES;
				CLANG_WARN_DEPRECATED_OBJC_IMPLEMENTATIONS = YES;
				CLANG_WARN_DIRECT_OBJC_ISA_USAGE = YES_ERROR;
				CLANG_WARN_DOCUMENTATION_COMMENTS = YES;
				CLANG_WARN_EMPTY_BODY = YES;
				CLANG_WARN_ENUM_CONVERSION = YES;
				CLANG_WARN_INFINITE_RECURSION = YES;
				CLANG_WARN_INT_CONVERSION = YES;
				CLANG_WARN_NON_LITERAL_NULL_CONVERSION = YES;
				CLANG_WARN_OBJC_IMPLICIT_RETAIN_SELF = YES;
				CLANG_WARN_OBJC_LITERAL_CONVERSION = YES;
				CLANG_WARN_OBJC_ROOT_CLASS = YES_ERROR;
				CLANG_WARN_QUOTED_INCLUDE_IN_FRAMEWORK_HEADER = YES;
				CLANG_WARN_RANGE_LOOP_ANALYSIS = YES;
				CLANG_WARN_STRICT_PROTOTYPES = YES;
				CLANG_WARN_SUSPICIOUS_MOVE = YES;
				CLANG_WARN_UNGUARDED_AVAILABILITY = YES_AGGRESSIVE;
				CLANG_WARN_UNREACHABLE_CODE = YES;
				CLANG_WARN__DUPLICATE_METHOD_MATCH = YES;
				COPY_PHASE_STRIP = NO;
				DEBUG_INFORMATION_FORMAT = "dwarf-with-dsym";
				ENABLE_NS_ASSERTIONS = NO;
				ENABLE_STRICT_OBJC_MSGSEND = YES;
				GCC_C_LANGUAGE_STANDARD = gnu11;
				GCC_NO_COMMON_BLOCKS = YES;
				GCC_WARN_64_TO_32_BIT_CONVERSION = YES;
				GCC_WARN_ABOUT_RETURN_TYPE = YES_ERROR;
				GCC_WARN_UNDECLARED_SELECTOR = YES;
				GCC_WARN_UNINITIALIZED_AUTOS = YES_AGGRESSIVE;
				GCC_WARN_UNUSED_FUNCTION = YES;
				GCC_WARN_UNUSED_VARIABLE = YES;
				IPHONEOS_DEPLOYMENT_TARGET = 15.5;
				MTL_ENABLE_DEBUG_INFO = NO;
				MTL_FAST_MATH = YES;
				SDKROOT = iphoneos;
				SWIFT_COMPILATION_MODE = wholemodule;
				SWIFT_OPTIMIZATION_LEVEL = "-O";
				VALIDATE_PRODUCT = YES;
			};
			name = Release;
		};
		63A7A6602921A3EB004CECB7 /* Debug */ = {
			isa = XCBuildConfiguration;
			buildSettings = {
				ASSETCATALOG_COMPILER_APPICON_NAME = AppIcon;
				ASSETCATALOG_COMPILER_GLOBAL_ACCENT_COLOR_NAME = AccentColor;
				CODE_SIGN_STYLE = Automatic;
				CURRENT_PROJECT_VERSION = 1;
				DEVELOPMENT_TEAM = T52LKX3ATH;
				GENERATE_INFOPLIST_FILE = YES;
				INFOPLIST_FILE = "Final project/Info.plist";
				INFOPLIST_KEY_UIApplicationSupportsIndirectInputEvents = YES;
				INFOPLIST_KEY_UILaunchStoryboardName = LaunchScreen;
				INFOPLIST_KEY_UIMainStoryboardFile = Main;
				INFOPLIST_KEY_UISupportedInterfaceOrientations_iPad = "UIInterfaceOrientationPortrait UIInterfaceOrientationPortraitUpsideDown UIInterfaceOrientationLandscapeLeft UIInterfaceOrientationLandscapeRight";
				INFOPLIST_KEY_UISupportedInterfaceOrientations_iPhone = "UIInterfaceOrientationPortrait UIInterfaceOrientationLandscapeLeft UIInterfaceOrientationLandscapeRight";
				IPHONEOS_DEPLOYMENT_TARGET = 15.5;
				LD_RUNPATH_SEARCH_PATHS = (
					"$(inherited)",
					"@executable_path/Frameworks",
				);
				MARKETING_VERSION = 1.0;
				PRODUCT_BUNDLE_IDENTIFIER = "-";
				PRODUCT_NAME = "$(TARGET_NAME)";
				SWIFT_EMIT_LOC_STRINGS = YES;
				SWIFT_VERSION = 5.0;
				TARGETED_DEVICE_FAMILY = 1;
			};
			name = Debug;
		};
		63A7A6612921A3EB004CECB7 /* Release */ = {
			isa = XCBuildConfiguration;
			buildSettings = {
				ASSETCATALOG_COMPILER_APPICON_NAME = AppIcon;
				ASSETCATALOG_COMPILER_GLOBAL_ACCENT_COLOR_NAME = AccentColor;
				CODE_SIGN_STYLE = Automatic;
				CURRENT_PROJECT_VERSION = 1;
				DEVELOPMENT_TEAM = T52LKX3ATH;
				GENERATE_INFOPLIST_FILE = YES;
				INFOPLIST_FILE = "Final project/Info.plist";
				INFOPLIST_KEY_UIApplicationSupportsIndirectInputEvents = YES;
				INFOPLIST_KEY_UILaunchStoryboardName = LaunchScreen;
				INFOPLIST_KEY_UIMainStoryboardFile = Main;
				INFOPLIST_KEY_UISupportedInterfaceOrientations_iPad = "UIInterfaceOrientationPortrait UIInterfaceOrientationPortraitUpsideDown UIInterfaceOrientationLandscapeLeft UIInterfaceOrientationLandscapeRight";
				INFOPLIST_KEY_UISupportedInterfaceOrientations_iPhone = "UIInterfaceOrientationPortrait UIInterfaceOrientationLandscapeLeft UIInterfaceOrientationLandscapeRight";
				IPHONEOS_DEPLOYMENT_TARGET = 15.5;
				LD_RUNPATH_SEARCH_PATHS = (
					"$(inherited)",
					"@executable_path/Frameworks",
				);
				MARKETING_VERSION = 1.0;
				PRODUCT_BUNDLE_IDENTIFIER = "-";
				PRODUCT_NAME = "$(TARGET_NAME)";
				SWIFT_EMIT_LOC_STRINGS = YES;
				SWIFT_VERSION = 5.0;
				TARGETED_DEVICE_FAMILY = 1;
			};
			name = Release;
		};
/* End XCBuildConfiguration section */

/* Begin XCConfigurationList section */
		63A7A6462921A3EB004CECB7 /* Build configuration list for PBXProject "Final project" */ = {
			isa = XCConfigurationList;
			buildConfigurations = (
				63A7A65D2921A3EB004CECB7 /* Debug */,
				63A7A65E2921A3EB004CECB7 /* Release */,
			);
			defaultConfigurationIsVisible = 0;
			defaultConfigurationName = Release;
		};
		63A7A65F2921A3EB004CECB7 /* Build configuration list for PBXNativeTarget "Final project" */ = {
			isa = XCConfigurationList;
			buildConfigurations = (
				63A7A6602921A3EB004CECB7 /* Debug */,
				63A7A6612921A3EB004CECB7 /* Release */,
			);
			defaultConfigurationIsVisible = 0;
			defaultConfigurationName = Release;
		};
/* End XCConfigurationList section */

/* Begin XCRemoteSwiftPackageReference section */
		DCABC617293DAD0600C5EF85 /* XCRemoteSwiftPackageReference "firebase-ios-sdk" */ = {
			isa = XCRemoteSwiftPackageReference;
			repositoryURL = "https://github.com/firebase/firebase-ios-sdk";
			requirement = {
				branch = master;
				kind = branch;
			};
		};
/* End XCRemoteSwiftPackageReference section */

/* Begin XCSwiftPackageProductDependency section */
		DCABC618293DAD0600C5EF85 /* FirebaseAuth */ = {
			isa = XCSwiftPackageProductDependency;
			package = DCABC617293DAD0600C5EF85 /* XCRemoteSwiftPackageReference "firebase-ios-sdk" */;
			productName = FirebaseAuth;
		};
		DCABC61A293DAD0600C5EF85 /* FirebaseDatabase */ = {
			isa = XCSwiftPackageProductDependency;
			package = DCABC617293DAD0600C5EF85 /* XCRemoteSwiftPackageReference "firebase-ios-sdk" */;
			productName = FirebaseDatabase;
		};
/* End XCSwiftPackageProductDependency section */
	};
	rootObject = 63A7A6432921A3EB004CECB7 /* Project object */;
}
